
Microsoft Visual Studio Solution File, Format Version 12.00
# Visual Studio Version 17
VisualStudioVersion = 17.14.36414.22
MinimumVisualStudioVersion = 10.0.40219.1
Project("{FAE04EC0-301F-11D3-BF4B-00C04F79EFBC}") = "Recify", "Recify\Recify.csproj", "{90D98FE5-CA67-4C7E-88AA-B2E5BB5F27AE}"
EndProject
Project("{FAE04EC0-301F-11D3-BF4B-00C04F79EFBC}") = "Recify.Tests", "Recify.Tests\Recify.Tests.csproj", "{EC3E6423-24C1-4E02-ACD3-E4C9FFF98044}"
EndProject
Project("{2150E333-8FDC-42A3-9474-1A3956D46DE8}") = "Solution Files", "Solution Files", "{754FC069-D67B-A9D7-50A1-8D1CA196D8F1}"
	ProjectSection(SolutionItems) = preProject
		Directory.Build.props = Directory.Build.props
		Dockerfile = Dockerfile
	EndProjectSection
EndProject
Project("{2150E333-8FDC-42A3-9474-1A3956D46DE8}") = "GitHub", "GitHub", "{36D591C7-65C7-A0D1-1CBC-10CDE441BDC8}"
EndProject
Project("{2150E333-8FDC-42A3-9474-1A3956D46DE8}") = "Workflows", "Workflows", "{22644E7B-8706-41A9-9533-0ABB6691631B}"
	ProjectSection(SolutionItems) = preProject
		.github\workflows\push-main.yml = .github\workflows\push-main.yml
		.github\workflows\sonarqube.yml = .github\workflows\sonarqube.yml
	EndProjectSection
EndProject
Project("{2150E333-8FDC-42A3-9474-1A3956D46DE8}") = "ReleasePlease", "ReleasePlease", "{2D723AC1-4840-46AB-81AD-E9732CDEE0EC}"
	ProjectSection(SolutionItems) = preProject
		.github\release-please\config.json = .github\release-please\config.json
		.github\release-please\manifest.json = .github\release-please\manifest.json
	EndProjectSection
EndProject
Global
	GlobalSection(SolutionConfigurationPlatforms) = preSolution
		Debug|Any CPU = Debug|Any CPU
		Release|Any CPU = Release|Any CPU
	EndGlobalSection
	GlobalSection(ProjectConfigurationPlatforms) = postSolution
		{90D98FE5-CA67-4C7E-88AA-B2E5BB5F27AE}.Debug|Any CPU.ActiveCfg = Debug|Any CPU
		{90D98FE5-CA67-4C7E-88AA-B2E5BB5F27AE}.Debug|Any CPU.Build.0 = Debug|Any CPU
		{90D98FE5-CA67-4C7E-88AA-B2E5BB5F27AE}.Release|Any CPU.ActiveCfg = Release|Any CPU
		{90D98FE5-CA67-4C7E-88AA-B2E5BB5F27AE}.Release|Any CPU.Build.0 = Release|Any CPU
		{EC3E6423-24C1-4E02-ACD3-E4C9FFF98044}.Debug|Any CPU.ActiveCfg = Debug|Any CPU
		{EC3E6423-24C1-4E02-ACD3-E4C9FFF98044}.Debug|Any CPU.Build.0 = Debug|Any CPU
		{EC3E6423-24C1-4E02-ACD3-E4C9FFF98044}.Release|Any CPU.ActiveCfg = Release|Any CPU
	EndGlobalSection
	GlobalSection(SolutionProperties) = preSolution
		HideSolutionNode = FALSE
	EndGlobalSection
	GlobalSection(NestedProjects) = preSolution
		{22644E7B-8706-41A9-9533-0ABB6691631B} = {36D591C7-65C7-A0D1-1CBC-10CDE441BDC8}
		{2D723AC1-4840-46AB-81AD-E9732CDEE0EC} = {36D591C7-65C7-A0D1-1CBC-10CDE441BDC8}
	EndGlobalSection
	GlobalSection(ExtensibilityGlobals) = postSolution
		SolutionGuid = {55493DA5-657A-4151-A002-E0F294D1417D}
	EndGlobalSection
EndGlobal
